Microsoft Visual Studio Solution File, Format Version 8.00
Project("{8BC9CEB8-8B4A-11D0-8D11-00A0C91BC942}") = "labSound", "labSound.vcproj", "{0F79FDA0-D445-4057-90E9-9FF907C465A4}"
	ProjectSection(ProjectDependencies) = postProject
	EndProjectSection
EndProject
Global
	GlobalSection(SolutionConfiguration) = preSolution
		Debug = Debug
		Release = Release
	EndGlobalSection
	GlobalSection(ProjectConfiguration) = postSolution
		{0F79FDA0-D445-4057-90E9-9FF907C465A4}.Debug.ActiveCfg = Debug|Win32
		{0F79FDA0-D445-4057-90E9-9FF907C465A4}.Debug.Build.0 = Debug|Win32
		{0F79FDA0-D445-4057-90E9-9FF907C465A4}.Release.ActiveCfg = Release|Win32
		{0F79FDA0-D445-4057-90E9-9FF907C465A4}.Release.Build.0 = Release|Win32
	EndGlobalSection
	GlobalSection(ExtensibilityGlobals) = postSolution
	EndGlobalSection
	GlobalSection(ExtensibilityAddIns) = postSolution
	EndGlobalSection
EndGlobal
